PODS:
  - CachingPlayerItem (2.0.2)
  - IGListDiffKit (5.0.0)
  - IGListKit (5.0.0):
    - IGListDiffKit (= 5.0.0)
  - PINCache (3.0.4):
    - PINCache/Arc-exception-safe (= 3.0.4)
    - PINCache/Core (= 3.0.4)
  - PINCache/Arc-exception-safe (3.0.4):
    - PINCache/Core
  - PINCache/Core (3.0.4):
    - PINOperation (~> 1.2.3)
  - PINOperation (1.2.3)
  - PINRemoteImage/Core (3.0.4):
    - PINOperation
  - PINRemoteImage/iOS (3.0.4):
    - PINRemoteImage/Core
  - PINRemoteImage/PINCache (3.0.4):
    - PINCache (~> 3.0.4)
    - PINRemoteImage/Core
  - SDWebImage (5.21.1):
    - SDWebImage/Core (= 5.21.1)
  - SDWebImage/Core (5.21.1)
  - Texture (3.2.0):
    - Texture/AssetsLibrary (= 3.2.0)
    - Texture/Core (= 3.2.0)
    - Texture/MapKit (= 3.2.0)
    - Texture/Photos (= 3.2.0)
    - Texture/PINRemoteImage (= 3.2.0)
    - Texture/Video (= 3.2.0)
  - Texture/AssetsLibrary (3.2.0):
    - Texture/Core
  - Texture/Core (3.2.0)
  - Texture/MapKit (3.2.0):
    - Texture/Core
  - Texture/Photos (3.2.0):
    - Texture/Core
  - Texture/PINRemoteImage (3.2.0):
    - PINRemoteImage/iOS (~> 3.0.0)
    - PINRemoteImage/PINCache
    - Texture/Core
  - Texture/Video (3.2.0):
    - Texture/Core

DEPENDENCIES:
  - CachingPlayerItem
  - IGListKit
  - SDWebImage
  - Texture

SPEC REPOS:
  https://mirrors.tuna.tsinghua.edu.cn/git/CocoaPods/Specs.git:
    - CachingPlayerItem
    - IGListDiffKit
    - IGListKit
    - PINCache
    - PINOperation
    - PINRemoteImage
    - SDWebImage
    - Texture

SPEC CHECKSUMS:
  CachingPlayerItem: 553f4dea8a3edd454195382ad534032da884f10c
  IGListDiffKit: 02d937d7e714d6f558771f284ed80668d483b522
  IGListKit: baf7e87b4c2262cd569c380e46ca5667a4a82c82
  PINCache: d9a87a0ff397acffe9e2f0db972ac14680441158
  PINOperation: fb563bcc9c32c26d6c78aaff967d405aa2ee74a7
  PINRemoteImage: 6256a644f4996991f124811763c7286b2a63ff94
  SDWebImage: f29024626962457f3470184232766516dee8dfea
  Texture: 61e86ea2ee124f545be40293b54b5b8986006da2

PODFILE CHECKSUM: 78f2df085c8eb53128566d90b70ef29169e118b0

COCOAPODS: 1.16.2
